
Microsoft Visual Studio Solution File, Format Version 12.00
# Visual Studio Version 17
VisualStudioVersion = 17.3.32825.248
MinimumVisualStudioVersion = 10.0.40219.1
Project("{FAE04EC0-301F-11D3-BF4B-00C04F79EFBC}") = "Lab_9", "Lab_9\Lab_9.csproj", "{2672BF06-1D76-46C8-8ED0-987A85A7897C}"
EndProject
Project("{FAE04EC0-301F-11D3-BF4B-00C04F79EFBC}") = "Tests", "Tests\Tests.csproj", "{48ACFDFD-BECB-4A16-89ED-E780DACCE4C7}"
EndProject
Global
	GlobalSection(SolutionConfigurationPlatforms) = preSolution
		Debug|Any CPU = Debug|Any CPU
		Release|Any CPU = Release|Any CPU
	EndGlobalSection
	GlobalSection(ProjectConfigurationPlatforms) = postSolution
		{2672BF06-1D76-46C8-8ED0-987A85A7897C}.Debug|Any CPU.ActiveCfg = Debug|Any CPU
		{2672BF06-1D76-46C8-8ED0-987A85A7897C}.Debug|Any CPU.Build.0 = Debug|Any CPU
		{2672BF06-1D76-46C8-8ED0-987A85A7897C}.Release|Any CPU.ActiveCfg = Release|Any CPU
		{2672BF06-1D76-46C8-8ED0-987A85A7897C}.Release|Any CPU.Build.0 = Release|Any CPU
		{48ACFDFD-BECB-4A16-89ED-E780DACCE4C7}.Debug|Any CPU.ActiveCfg = Debug|Any CPU
		{48ACFDFD-BECB-4A16-89ED-E780DACCE4C7}.Debug|Any CPU.Build.0 = Debug|Any CPU
		{48ACFDFD-BECB-4A16-89ED-E780DACCE4C7}.Release|Any CPU.ActiveCfg = Release|Any CPU
		{48ACFDFD-BECB-4A16-89ED-E780DACCE4C7}.Release|Any CPU.Build.0 = Release|Any CPU
	EndGlobalSection
	GlobalSection(SolutionProperties) = preSolution
		HideSolutionNode = FALSE
	EndGlobalSection
	GlobalSection(ExtensibilityGlobals) = postSolution
		SolutionGuid = {911CDA01-7E48-41FB-A4D4-80C257A4BF96}
	EndGlobalSection
EndGlobal
